
Microsoft Visual Studio Solution File, Format Version 12.00
# Visual Studio 14
VisualStudioVersion = 14.0.25420.1
MinimumVisualStudioVersion = 10.0.40219.1
Project("{8BC9CEB8-8B4A-11D0-8D11-00A0C91BC942}") = "target", "target\target.vcxproj", "{D61B8501-A218-4842-A513-09C50DB18E88}"
EndProject
Project("{8BC9CEB8-8B4A-11D0-8D11-00A0C91BC942}") = "payload", "payload\payload.vcxproj", "{F88406C3-A4F6-48F4-97AB-02D0FC6362D1}"
EndProject
Project("{8BC9CEB8-8B4A-11D0-8D11-00A0C91BC942}") = "Injector", "Injector\Injector.vcxproj", "{29BB2593-0B10-4EA7-8FCE-A9071BA2A756}"
EndProject
Project("{8BC9CEB8-8B4A-11D0-8D11-00A0C91BC942}") = "Payload2", "Payload2\Payload2.vcxproj", "{24DBFE9B-5255-4CDC-BEE5-E866D7EABB4E}"
EndProject
Project("{8BC9CEB8-8B4A-11D0-8D11-00A0C91BC942}") = "Patcher", "Patcher\Patcher.vcxproj", "{352EC32A-50A0-438E-AACB-5315F2E3FE08}"
EndProject
Global
	GlobalSection(SolutionConfigurationPlatforms) = preSolution
		Debug|x64 = Debug|x64
		Debug|x86 = Debug|x86
		Release|x64 = Release|x64
		Release|x86 = Release|x86
	EndGlobalSection
	GlobalSection(ProjectConfigurationPlatforms) = postSolution
		{D61B8501-A218-4842-A513-09C50DB18E88}.Debug|x64.ActiveCfg = Debug|x64
		{D61B8501-A218-4842-A513-09C50DB18E88}.Debug|x64.Build.0 = Debug|x64
		{D61B8501-A218-4842-A513-09C50DB18E88}.Debug|x86.ActiveCfg = Debug|Win32
		{D61B8501-A218-4842-A513-09C50DB18E88}.Debug|x86.Build.0 = Debug|Win32
		{D61B8501-A218-4842-A513-09C50DB18E88}.Release|x64.ActiveCfg = Release|x64
		{D61B8501-A218-4842-A513-09C50DB18E88}.Release|x64.Build.0 = Release|x64
		{D61B8501-A218-4842-A513-09C50DB18E88}.Release|x86.ActiveCfg = Release|Win32
		{D61B8501-A218-4842-A513-09C50DB18E88}.Release|x86.Build.0 = Release|Win32
		{F88406C3-A4F6-48F4-97AB-02D0FC6362D1}.Debug|x64.ActiveCfg = Debug|x64
		{F88406C3-A4F6-48F4-97AB-02D0FC6362D1}.Debug|x64.Build.0 = Debug|x64
		{F88406C3-A4F6-48F4-97AB-02D0FC6362D1}.Debug|x86.ActiveCfg = Debug|Win32
		{F88406C3-A4F6-48F4-97AB-02D0FC6362D1}.Debug|x86.Build.0 = Debug|Win32
		{F88406C3-A4F6-48F4-97AB-02D0FC6362D1}.Release|x64.ActiveCfg = Release|x64
		{F88406C3-A4F6-48F4-97AB-02D0FC6362D1}.Release|x64.Build.0 = Release|x64
		{F88406C3-A4F6-48F4-97AB-02D0FC6362D1}.Release|x86.ActiveCfg = Release|Win32
		{F88406C3-A4F6-48F4-97AB-02D0FC6362D1}.Release|x86.Build.0 = Release|Win32
		{29BB2593-0B10-4EA7-8FCE-A9071BA2A756}.Debug|x64.ActiveCfg = Debug|x64
		{29BB2593-0B10-4EA7-8FCE-A9071BA2A756}.Debug|x64.Build.0 = Debug|x64
		{29BB2593-0B10-4EA7-8FCE-A9071BA2A756}.Debug|x86.ActiveCfg = Debug|Win32
		{29BB2593-0B10-4EA7-8FCE-A9071BA2A756}.Debug|x86.Build.0 = Debug|Win32
		{29BB2593-0B10-4EA7-8FCE-A9071BA2A756}.Release|x64.ActiveCfg = Release|x64
		{29BB2593-0B10-4EA7-8FCE-A9071BA2A756}.Release|x64.Build.0 = Release|x64
		{29BB2593-0B10-4EA7-8FCE-A9071BA2A756}.Release|x86.ActiveCfg = Release|Win32
		{29BB2593-0B10-4EA7-8FCE-A9071BA2A756}.Release|x86.Build.0 = Release|Win32
		{24DBFE9B-5255-4CDC-BEE5-E866D7EABB4E}.Debug|x64.ActiveCfg = Debug|x64
		{24DBFE9B-5255-4CDC-BEE5-E866D7EABB4E}.Debug|x64.Build.0 = Debug|x64
		{24DBFE9B-5255-4CDC-BEE5-E866D7EABB4E}.Debug|x86.ActiveCfg = Debug|Win32
		{24DBFE9B-5255-4CDC-BEE5-E866D7EABB4E}.Debug|x86.Build.0 = Debug|Win32
		{24DBFE9B-5255-4CDC-BEE5-E866D7EABB4E}.Release|x64.ActiveCfg = Release|x64
		{24DBFE9B-5255-4CDC-BEE5-E866D7EABB4E}.Release|x64.Build.0 = Release|x64
		{24DBFE9B-5255-4CDC-BEE5-E866D7EABB4E}.Release|x86.ActiveCfg = Release|Win32
		{24DBFE9B-5255-4CDC-BEE5-E866D7EABB4E}.Release|x86.Build.0 = Release|Win32
		{352EC32A-50A0-438E-AACB-5315F2E3FE08}.Debug|x64.ActiveCfg = Debug|x64
		{352EC32A-50A0-438E-AACB-5315F2E3FE08}.Debug|x64.Build.0 = Debug|x64
		{352EC32A-50A0-438E-AACB-5315F2E3FE08}.Debug|x86.ActiveCfg = Debug|Win32
		{352EC32A-50A0-438E-AACB-5315F2E3FE08}.Debug|x86.Build.0 = Debug|Win32
		{352EC32A-50A0-438E-AACB-5315F2E3FE08}.Release|x64.ActiveCfg = Release|x64
		{352EC32A-50A0-438E-AACB-5315F2E3FE08}.Release|x64.Build.0 = Release|x64
		{352EC32A-50A0-438E-AACB-5315F2E3FE08}.Release|x86.ActiveCfg = Release|Win32
		{352EC32A-50A0-438E-AACB-5315F2E3FE08}.Release|x86.Build.0 = Release|Win32
	EndGlobalSection
	GlobalSection(SolutionProperties) = preSolution
		HideSolutionNode = FALSE
	EndGlobalSection
EndGlobal
